
Microsoft Visual Studio Solution File, Format Version 12.00
# Visual Studio 15
VisualStudioVersion = 15.0.28307.960
MinimumVisualStudioVersion = 10.0.40219.1
Project("{FAE04EC0-301F-11D3-BF4B-00C04F79EFBC}") = "SalesWebMvc", "SalesWebMvc\SalesWebMvc.csproj", "{343F5EA8-ECC8-44B1-A7E7-8CE2C809F733}"
EndProject
Global
	GlobalSection(SolutionConfigurationPlatforms) = preSolution
		Debug|Any CPU = Debug|Any CPU
		Release|Any CPU = Release|Any CPU
	EndGlobalSection
	GlobalSection(ProjectConfigurationPlatforms) = postSolution
		{343F5EA8-ECC8-44B1-A7E7-8CE2C809F733}.Debug|Any CPU.ActiveCfg = Debug|Any CPU
		{343F5EA8-ECC8-44B1-A7E7-8CE2C809F733}.Debug|Any CPU.Build.0 = Debug|Any CPU
		{343F5EA8-ECC8-44B1-A7E7-8CE2C809F733}.Release|Any CPU.ActiveCfg = Release|Any CPU
		{343F5EA8-ECC8-44B1-A7E7-8CE2C809F733}.Release|Any CPU.Build.0 = Release|Any CPU
	EndGlobalSection
	GlobalSection(SolutionProperties) = preSolution
		HideSolutionNode = FALSE
	EndGlobalSection
	GlobalSection(ExtensibilityGlobals) = postSolution
		SolutionGuid = {911C5B28-D5EF-4974-882F-BC13B73674B4}
	EndGlobalSection
EndGlobal
